// !$*UTF8*$!
{
	archiveVersion = 1;
	classes = {
	};
	objectVersion = 46;
	objects = {

/* Begin PBXBuildFile section */
		C6596613184099A4001F0B00 /* Reachability.m in Sources */ = {isa = PBXBuildFile; fileRef = C6596612184099A4001F0B00 /* Reachability.m */; settings = {COMPILER_FLAGS = "-fno-objc-arc"; }; };
		C659661518409ACB001F0B00 /* CFNetwork.framework in Frameworks */ = {isa = PBXBuildFile; fileRef = C659661418409ACB001F0B00 /* CFNetwork.framework */; };
		C659661718409ADC001F0B00 /* SystemConfiguration.framework in Frameworks */ = {isa = PBXBuildFile; fileRef = C659661618409ADC001F0B00 /* SystemConfiguration.framework */; };
		C659661918409AEA001F0B00 /* MobileCoreServices.framework in Frameworks */ = {isa = PBXBuildFile; fileRef = C659661818409AEA001F0B00 /* MobileCoreServices.framework */; };
		C659661B18409B1A001F0B00 /* libz.dylib in Frameworks */ = {isa = PBXBuildFile; fileRef = C659661A18409B1A001F0B00 /* libz.dylib */; };
		C66567B91840D254003BF7AB /* splesh_568h.png in Resources */ = {isa = PBXBuildFile; fileRef = C66567B71840D254003BF7AB /* splesh_568h.png */; };
		C66567BA1840D254003BF7AB /* splesh_480h.png in Resources */ = {isa = PBXBuildFile; fileRef = C66567B81840D254003BF7AB /* splesh_480h.png */; };
		C66567C61840D86B003BF7AB /* App_ICON58.png in Resources */ = {isa = PBXBuildFile; fileRef = C66567C31840D86B003BF7AB /* App_ICON58.png */; };
		C66567C71840D86B003BF7AB /* App_ICON80.png in Resources */ = {isa = PBXBuildFile; fileRef = C66567C41840D86B003BF7AB /* App_ICON80.png */; };
		C66567C81840D86B003BF7AB /* App_ICON120.png in Resources */ = {isa = PBXBuildFile; fileRef = C66567C51840D86B003BF7AB /* App_ICON120.png */; };
		C66567D71841F37C003BF7AB /* LectureLanguage.m in Sources */ = {isa = PBXBuildFile; fileRef = C66567D61841F37C003BF7AB /* LectureLanguage.m */; };
		C66567DA1841F6B6003BF7AB /* LectureCategory.m in Sources */ = {isa = PBXBuildFile; fileRef = C66567D91841F6B6003BF7AB /* LectureCategory.m */; };
		C66567DD1841F8CC003BF7AB /* LectureLevel.m in Sources */ = {isa = PBXBuildFile; fileRef = C66567DC1841F8CC003BF7AB /* LectureLevel.m */; };
		C66567E01841FA56003BF7AB /* LectureSample.m in Sources */ = {isa = PBXBuildFile; fileRef = C66567DF1841FA56003BF7AB /* LectureSample.m */; };
		C66567E31841FF61003BF7AB /* LectureBasic.m in Sources */ = {isa = PBXBuildFile; fileRef = C66567E21841FF61003BF7AB /* LectureBasic.m */; };
		C66567E618420365003BF7AB /* LectureVideo.m in Sources */ = {isa = PBXBuildFile; fileRef = C66567E518420365003BF7AB /* LectureVideo.m */; };
		C66567E818422819003BF7AB /* libsqlite3.dylib in Frameworks */ = {isa = PBXBuildFile; fileRef = C66567E718422819003BF7AB /* libsqlite3.dylib */; };
		C66567FF1842EA55003BF7AB /* FMDatabase.m in Sources */ = {isa = PBXBuildFile; fileRef = C66567F51842EA55003BF7AB /* FMDatabase.m */; };
		C66568001842EA55003BF7AB /* FMDatabaseAdditions.m in Sources */ = {isa = PBXBuildFile; fileRef = C66567F71842EA55003BF7AB /* FMDatabaseAdditions.m */; };
		C66568011842EA55003BF7AB /* FMDatabasePool.m in Sources */ = {isa = PBXBuildFile; fileRef = C66567F91842EA55003BF7AB /* FMDatabasePool.m */; };
		C66568021842EA55003BF7AB /* FMDatabaseQueue.m in Sources */ = {isa = PBXBuildFile; fileRef = C66567FB1842EA55003BF7AB /* FMDatabaseQueue.m */; };
		C66568041842EA55003BF7AB /* FMResultSet.m in Sources */ = {isa = PBXBuildFile; fileRef = C66567FE1842EA55003BF7AB /* FMResultSet.m */; };
		C66568071842EBAB003BF7AB /* RemoteData.m in Sources */ = {isa = PBXBuildFile; fileRef = C66568061842EBAB003BF7AB /* RemoteData.m */; };
		C66568081842F795003BF7AB /* LectureDB.sqlite in Resources */ = {isa = PBXBuildFile; fileRef = C66567E91842B5F5003BF7AB /* LectureDB.sqlite */; };
		C665680918431132003BF7AB /* Default-568@2x.png in Resources */ = {isa = PBXBuildFile; fileRef = C66567D21840DDBC003BF7AB /* Default-568@2x.png */; };
		C665680A18431132003BF7AB /* Default@2x.png in Resources */ = {isa = PBXBuildFile; fileRef = C66567CE1840DD53003BF7AB /* Default@2x.png */; };
		C6A68B5C1840747C007A3B63 /* Foundation.framework in Frameworks */ = {isa = PBXBuildFile; fileRef = C6A68B5B1840747C007A3B63 /* Foundation.framework */; };
		C6A68B5E1840747C007A3B63 /* CoreGraphics.framework in Frameworks */ = {isa = PBXBuildFile; fileRef = C6A68B5D1840747C007A3B63 /* CoreGraphics.framework */; };
		C6A68B601840747C007A3B63 /* UIKit.framework in Frameworks */ = {isa = PBXBuildFile; fileRef = C6A68B5F1840747C007A3B63 /* UIKit.framework */; };
		C6A68B661840747C007A3B63 /* InfoPlist.strings in Resources */ = {isa = PBXBuildFile; fileRef = C6A68B641840747C007A3B63 /* InfoPlist.strings */; };
		C6A68B681840747C007A3B63 /* main.m in Sources */ = {isa = PBXBuildFile; fileRef = C6A68B671840747C007A3B63 /* main.m */; };
		C6A68B6C1840747C007A3B63 /* AppDelegate.m in Sources */ = {isa = PBXBuildFile; fileRef = C6A68B6B1840747C007A3B63 /* AppDelegate.m */; };
		C6A68B6F1840747C007A3B63 /* Main.storyboard in Resources */ = {isa = PBXBuildFile; fileRef = C6A68B6D1840747C007A3B63 /* Main.storyboard */; };
		C6A68B721840747C007A3B63 /* ViewController.m in Sources */ = {isa = PBXBuildFile; fileRef = C6A68B711840747C007A3B63 /* ViewController.m */; };
		C6A68B741840747C007A3B63 /* Images.xcassets in Resources */ = {isa = PBXBuildFile; fileRef = C6A68B731840747C007A3B63 /* Images.xcassets */; };
		C6A68B7B1840747C007A3B63 /* XCTest.framework in Frameworks */ = {isa = PBXBuildFile; fileRef = C6A68B7A1840747C007A3B63 /* XCTest.framework */; };
		C6A68B7C1840747C007A3B63 /* Foundation.framework in Frameworks */ = {isa = PBXBuildFile; fileRef = C6A68B5B1840747C007A3B63 /* Foundation.framework */; };
		C6A68B7D1840747C007A3B63 /* UIKit.framework in Frameworks */ = {isa = PBXBuildFile; fileRef = C6A68B5F1840747C007A3B63 /* UIKit.framework */; };
		C6A68B851840747C007A3B63 /* InfoPlist.strings in Resources */ = {isa = PBXBuildFile; fileRef = C6A68B831840747C007A3B63 /* InfoPlist.strings */; };
		C6A68B871840747C007A3B63 /* TopikTests.m in Sources */ = {isa = PBXBuildFile; fileRef = C6A68B861840747C007A3B63 /* TopikTests.m */; };
		C6A68B9D184078D6007A3B63 /* all.png in Resources */ = {isa = PBXBuildFile; fileRef = C6A68B93184078D6007A3B63 /* all.png */; };
		C6A68B9E184078D6007A3B63 /* all@2x.png in Resources */ = {isa = PBXBuildFile; fileRef = C6A68B94184078D6007A3B63 /* all@2x.png */; };
		C6A68B9F184078D6007A3B63 /* feature.png in Resources */ = {isa = PBXBuildFile; fileRef = C6A68B95184078D6007A3B63 /* feature.png */; };
		C6A68BA0184078D6007A3B63 /* feature@2x.png in Resources */ = {isa = PBXBuildFile; fileRef = C6A68B96184078D6007A3B63 /* feature@2x.png */; };
		C6A68BA1184078D6007A3B63 /* free.png in Resources */ = {isa = PBXBuildFile; fileRef = C6A68B97184078D6007A3B63 /* free.png */; };
		C6A68BA2184078D6007A3B63 /* free@2x.png in Resources */ = {isa = PBXBuildFile; fileRef = C6A68B98184078D6007A3B63 /* free@2x.png */; };
		C6A68BA3184078D6007A3B63 /* setting.png in Resources */ = {isa = PBXBuildFile; fileRef = C6A68B99184078D6007A3B63 /* setting.png */; };
		C6A68BA4184078D6007A3B63 /* setting@2x.png in Resources */ = {isa = PBXBuildFile; fileRef = C6A68B9A184078D6007A3B63 /* setting@2x.png */; };
		C6A68BA5184078D6007A3B63 /* star.png in Resources */ = {isa = PBXBuildFile; fileRef = C6A68B9B184078D6007A3B63 /* star.png */; };
		C6A68BA6184078D6007A3B63 /* star@2x.png in Resources */ = {isa = PBXBuildFile; fileRef = C6A68B9C184078D6007A3B63 /* star@2x.png */; };
		C6A68BA918407ABB007A3B63 /* MainTabBarController.m in Sources */ = {isa = PBXBuildFile; fileRef = C6A68BA818407ABB007A3B63 /* MainTabBarController.m */; };
		C6A68BAB18407EEF007A3B63 /* config.plist in Resources */ = {isa = PBXBuildFile; fileRef = C6A68BAA18407EEF007A3B63 /* config.plist */; };
		C6A68BAE18407FA3007A3B63 /* AppConfig.m in Sources */ = {isa = PBXBuildFile; fileRef = C6A68BAD18407FA3007A3B63 /* AppConfig.m */; };
		C6A68BB11840890A007A3B63 /* FeatureTableViewController.m in Sources */ = {isa = PBXBuildFile; fileRef = C6A68BB01840890A007A3B63 /* FeatureTableViewController.m */; };
		C6A68BCA184096B3007A3B63 /* ASIAuthenticationDialog.m in Sources */ = {isa = PBXBuildFile; fileRef = C6A68BB4184096B3007A3B63 /* ASIAuthenticationDialog.m */; settings = {COMPILER_FLAGS = "-fno-objc-arc"; }; };
		C6A68BCB184096B3007A3B63 /* ASIDataCompressor.m in Sources */ = {isa = PBXBuildFile; fileRef = C6A68BB7184096B3007A3B63 /* ASIDataCompressor.m */; settings = {COMPILER_FLAGS = "-fno-objc-arc"; }; };
		C6A68BCC184096B3007A3B63 /* ASIDataDecompressor.m in Sources */ = {isa = PBXBuildFile; fileRef = C6A68BB9184096B3007A3B63 /* ASIDataDecompressor.m */; settings = {COMPILER_FLAGS = "-fno-objc-arc"; }; };
		C6A68BCD184096B3007A3B63 /* ASIDownloadCache.m in Sources */ = {isa = PBXBuildFile; fileRef = C6A68BBB184096B3007A3B63 /* ASIDownloadCache.m */; settings = {COMPILER_FLAGS = "-fno-objc-arc"; }; };
		C6A68BCE184096B3007A3B63 /* ASIFormDataRequest.m in Sources */ = {isa = PBXBuildFile; fileRef = C6A68BBD184096B3007A3B63 /* ASIFormDataRequest.m */; settings = {COMPILER_FLAGS = "-fno-objc-arc"; }; };
		C6A68BCF184096B3007A3B63 /* ASIHTTPRequest.m in Sources */ = {isa = PBXBuildFile; fileRef = C6A68BBF184096B3007A3B63 /* ASIHTTPRequest.m */; settings = {COMPILER_FLAGS = "-fno-objc-arc"; }; };
		C6A68BD0184096B3007A3B63 /* ASIInputStream.m in Sources */ = {isa = PBXBuildFile; fileRef = C6A68BC3184096B3007A3B63 /* ASIInputStream.m */; settings = {COMPILER_FLAGS = "-fno-objc-arc"; }; };
		C6A68BD1184096B3007A3B63 /* ASINetworkQueue.m in Sources */ = {isa = PBXBuildFile; fileRef = C6A68BC5184096B3007A3B63 /* ASINetworkQueue.m */; settings = {COMPILER_FLAGS = "-fno-objc-arc"; }; };
		C6A68BD2184096B3007A3B63 /* ASIWebPageRequest.m in Sources */ = {isa = PBXBuildFile; fileRef = C6A68BC9184096B3007A3B63 /* ASIWebPageRequest.m */; settings = {COMPILER_FLAGS = "-fno-objc-arc"; }; };
		C6A68BD418409786007A3B63 /* libxml2.2.dylib in Frameworks */ = {isa = PBXBuildFile; fileRef = C6A68BD318409786007A3B63 /* libxml2.2.dylib */; };
/* End PBXBuildFile section */

/* Begin PBXContainerItemProxy section */
		C6A68B7E1840747C007A3B63 /* PBXContainerItemProxy */ = {
			isa = PBXContainerItemProxy;
			containerPortal = C6A68B501840747C007A3B63 /* Project object */;
			proxyType = 1;
			remoteGlobalIDString = C6A68B571840747C007A3B63;
			remoteInfo = Topik;
		};
/* End PBXContainerItemProxy section */

/* Begin PBXFileReference section */
		C6596611184099A3001F0B00 /* Reachability.h */ = {isa = PBXFileReference; fileEncoding = 4; lastKnownFileType = sourcecode.c.h; path = Reachability.h; sourceTree = "<group>"; };
		C6596612184099A4001F0B00 /* Reachability.m */ = {isa = PBXFileReference; fileEncoding = 4; lastKnownFileType = sourcecode.c.objc; path = Reachability.m; sourceTree = "<group>"; };
		C659661418409ACB001F0B00 /* CFNetwork.framework */ = {isa = PBXFileReference; lastKnownFileType = wrapper.framework; name = CFNetwork.framework; path = System/Library/Frameworks/CFNetwork.framework; sourceTree = SDKROOT; };
		C659661618409ADC001F0B00 /* SystemConfiguration.framework */ = {isa = PBXFileReference; lastKnownFileType = wrapper.framework; name = SystemConfiguration.framework; path = System/Library/Frameworks/SystemConfiguration.framework; sourceTree = SDKROOT; };
		C659661818409AEA001F0B00 /* MobileCoreServices.framework */ = {isa = PBXFileReference; lastKnownFileType = wrapper.framework; name = MobileCoreServices.framework; path = System/Library/Frameworks/MobileCoreServices.framework; sourceTree = SDKROOT; };
		C659661A18409B1A001F0B00 /* libz.dylib */ = {isa = PBXFileReference; lastKnownFileType = "compiled.mach-o.dylib"; name = libz.dylib; path = usr/lib/libz.dylib; sourceTree = SDKROOT; };
		C65966211840A24E001F0B00 /* zh-Hans */ = {isa = PBXFileReference; lastKnownFileType = text.plist.strings; name = "zh-Hans"; path = "zh-Hans.lproj/Main.strings"; sourceTree = "<group>"; };
		C65966221840A24F001F0B00 /* zh-Hans */ = {isa = PBXFileReference; lastKnownFileType = text.plist.strings; name = "zh-Hans"; path = "zh-Hans.lproj/InfoPlist.strings"; sourceTree = "<group>"; };
		C65966231840A24F001F0B00 /* zh-Hans */ = {isa = PBXFileReference; lastKnownFileType = text.plist.strings; name = "zh-Hans"; path = "zh-Hans.lproj/InfoPlist.strings"; sourceTree = "<group>"; };
		C65966241840A282001F0B00 /* en */ = {isa = PBXFileReference; lastKnownFileType = text.plist.strings; name = en; path = en.lproj/Main.strings; sourceTree = "<group>"; };
		C66567B71840D254003BF7AB /* splesh_568h.png */ = {isa = PBXFileReference; lastKnownFileType = image.png; path = splesh_568h.png; sourceTree = "<group>"; };
		C66567B81840D254003BF7AB /* splesh_480h.png */ = {isa = PBXFileReference; lastKnownFileType = image.png; path = splesh_480h.png; sourceTree = "<group>"; };
		C66567C31840D86B003BF7AB /* App_ICON58.png */ = {isa = PBXFileReference; lastKnownFileType = image.png; path = App_ICON58.png; sourceTree = "<group>"; };
		C66567C41840D86B003BF7AB /* App_ICON80.png */ = {isa = PBXFileReference; lastKnownFileType = image.png; path = App_ICON80.png; sourceTree = "<group>"; };
		C66567C51840D86B003BF7AB /* App_ICON120.png */ = {isa = PBXFileReference; lastKnownFileType = image.png; path = App_ICON120.png; sourceTree = "<group>"; };
		C66567CD1840DD53003BF7AB /* Base */ = {isa = PBXFileReference; lastKnownFileType = image.png; name = Base; path = "Base.lproj/Default@2x.png"; sourceTree = "<group>"; };
		C66567D11840DDBC003BF7AB /* Base */ = {isa = PBXFileReference; lastKnownFileType = image.png; name = Base; path = "Base.lproj/Default-568@2x.png"; sourceTree = "<group>"; };
		C66567D51841F37C003BF7AB /* LectureLanguage.h */ = {isa = PBXFileReference; fileEncoding = 4; lastKnownFileType = sourcecode.c.h; path = LectureLanguage.h; sourceTree = "<group>"; };
		C66567D61841F37C003BF7AB /* LectureLanguage.m */ = {isa = PBXFileReference; fileEncoding = 4; lastKnownFileType = sourcecode.c.objc; path = LectureLanguage.m; sourceTree = "<group>"; };
		C66567D81841F6B6003BF7AB /* LectureCategory.h */ = {isa = PBXFileReference; fileEncoding = 4; lastKnownFileType = sourcecode.c.h; path = LectureCategory.h; sourceTree = "<group>"; };
		C66567D91841F6B6003BF7AB /* LectureCategory.m */ = {isa = PBXFileReference; fileEncoding = 4; lastKnownFileType = sourcecode.c.objc; path = LectureCategory.m; sourceTree = "<group>"; };
		C66567DB1841F8CC003BF7AB /* LectureLevel.h */ = {isa = PBXFileReference; fileEncoding = 4; lastKnownFileType = sourcecode.c.h; path = LectureLevel.h; sourceTree = "<group>"; };
		C66567DC1841F8CC003BF7AB /* LectureLevel.m */ = {isa = PBXFileReference; fileEncoding = 4; lastKnownFileType = sourcecode.c.objc; path = LectureLevel.m; sourceTree = "<group>"; };
		C66567DE1841FA56003BF7AB /* LectureSample.h */ = {isa = PBXFileReference; fileEncoding = 4; lastKnownFileType = sourcecode.c.h; path = LectureSample.h; sourceTree = "<group>"; };
		C66567DF1841FA56003BF7AB /* LectureSample.m */ = {isa = PBXFileReference; fileEncoding = 4; lastKnownFileType = sourcecode.c.objc; path = LectureSample.m; sourceTree = "<group>"; };
		C66567E11841FF61003BF7AB /* LectureBasic.h */ = {isa = PBXFileReference; fileEncoding = 4; lastKnownFileType = sourcecode.c.h; path = LectureBasic.h; sourceTree = "<group>"; };
		C66567E21841FF61003BF7AB /* LectureBasic.m */ = {isa = PBXFileReference; fileEncoding = 4; lastKnownFileType = sourcecode.c.objc; path = LectureBasic.m; sourceTree = "<group>"; };
		C66567E418420365003BF7AB /* LectureVideo.h */ = {isa = PBXFileReference; fileEncoding = 4; lastKnownFileType = sourcecode.c.h; path = LectureVideo.h; sourceTree = "<group>"; };
		C66567E518420365003BF7AB /* LectureVideo.m */ = {isa = PBXFileReference; fileEncoding = 4; lastKnownFileType = sourcecode.c.objc; path = LectureVideo.m; sourceTree = "<group>"; };
		C66567E718422819003BF7AB /* libsqlite3.dylib */ = {isa = PBXFileReference; lastKnownFileType = "compiled.mach-o.dylib"; name = libsqlite3.dylib; path = usr/lib/libsqlite3.dylib; sourceTree = SDKROOT; };
		C66567E91842B5F5003BF7AB /* LectureDB.sqlite */ = {isa = PBXFileReference; lastKnownFileType = file; path = LectureDB.sqlite; sourceTree = "<group>"; };
		C66567F41842EA55003BF7AB /* FMDatabase.h */ = {isa = PBXFileReference; fileEncoding = 4; lastKnownFileType = sourcecode.c.h; path = FMDatabase.h; sourceTree = "<group>"; };
		C66567F51842EA55003BF7AB /* FMDatabase.m */ = {isa = PBXFileReference; fileEncoding = 4; lastKnownFileType = sourcecode.c.objc; path = FMDatabase.m; sourceTree = "<group>"; };
		C66567F61842EA55003BF7AB /* FMDatabaseAdditions.h */ = {isa = PBXFileReference; fileEncoding = 4; lastKnownFileType = sourcecode.c.h; path = FMDatabaseAdditions.h; sourceTree = "<group>"; };
		C66567F71842EA55003BF7AB /* FMDatabaseAdditions.m */ = {isa = PBXFileReference; fileEncoding = 4; lastKnownFileType = sourcecode.c.objc; path = FMDatabaseAdditions.m; sourceTree = "<group>"; };
		C66567F81842EA55003BF7AB /* FMDatabasePool.h */ = {isa = PBXFileReference; fileEncoding = 4; lastKnownFileType = sourcecode.c.h; path = FMDatabasePool.h; sourceTree = "<group>"; };
		C66567F91842EA55003BF7AB /* FMDatabasePool.m */ = {isa = PBXFileReference; fileEncoding = 4; lastKnownFileType = sourcecode.c.objc; path = FMDatabasePool.m; sourceTree = "<group>"; };
		C66567FA1842EA55003BF7AB /* FMDatabaseQueue.h */ = {isa = PBXFileReference; fileEncoding = 4; lastKnownFileType = sourcecode.c.h; path = FMDatabaseQueue.h; sourceTree = "<group>"; };
		C66567FB1842EA55003BF7AB /* FMDatabaseQueue.m */ = {isa = PBXFileReference; fileEncoding = 4; lastKnownFileType = sourcecode.c.objc; path = FMDatabaseQueue.m; sourceTree = "<group>"; };
		C66567FD1842EA55003BF7AB /* FMResultSet.h */ = {isa = PBXFileReference; fileEncoding = 4; lastKnownFileType = sourcecode.c.h; path = FMResultSet.h; sourceTree = "<group>"; };
		C66567FE1842EA55003BF7AB /* FMResultSet.m */ = {isa = PBXFileReference; fileEncoding = 4; lastKnownFileType = sourcecode.c.objc; path = FMResultSet.m; sourceTree = "<group>"; };
		C66568051842EBAB003BF7AB /* RemoteData.h */ = {isa = PBXFileReference; fileEncoding = 4; lastKnownFileType = sourcecode.c.h; path = RemoteData.h; sourceTree = "<group>"; };
		C66568061842EBAB003BF7AB /* RemoteData.m */ = {isa = PBXFileReference; fileEncoding = 4; lastKnownFileType = sourcecode.c.objc; path = RemoteData.m; sourceTree = "<group>"; };
		C665680B1843116F003BF7AB /* zh-Hans */ = {isa = PBXFileReference; lastKnownFileType = image.png; name = "zh-Hans"; path = "zh-Hans.lproj/Default-568@2x.png"; sourceTree = "<group>"; };
		C665680C18431177003BF7AB /* zh-Hans */ = {isa = PBXFileReference; lastKnownFileType = image.png; name = "zh-Hans"; path = "zh-Hans.lproj/Default@2x.png"; sourceTree = "<group>"; };
		C6A68B581840747C007A3B63 /* Topik.app */ = {isa = PBXFileReference; explicitFileType = wrapper.application; includeInIndex = 0; path = Topik.app; sourceTree = BUILT_PRODUCTS_DIR; };
		C6A68B5B1840747C007A3B63 /* Foundation.framework */ = {isa = PBXFileReference; lastKnownFileType = wrapper.framework; name = Foundation.framework; path = System/Library/Frameworks/Foundation.framework; sourceTree = SDKROOT; };
		C6A68B5D1840747C007A3B63 /* CoreGraphics.framework */ = {isa = PBXFileReference; lastKnownFileType = wrapper.framework; name = CoreGraphics.framework; path = System/Library/Frameworks/CoreGraphics.framework; sourceTree = SDKROOT; };
		C6A68B5F1840747C007A3B63 /* UIKit.framework */ = {isa = PBXFileReference; lastKnownFileType = wrapper.framework; name = UIKit.framework; path = System/Library/Frameworks/UIKit.framework; sourceTree = SDKROOT; };
		C6A68B631840747C007A3B63 /* Topik-Info.plist */ = {isa = PBXFileReference; lastKnownFileType = text.plist.xml; path = "Topik-Info.plist"; sourceTree = "<group>"; };
		C6A68B651840747C007A3B63 /* en */ = {isa = PBXFileReference; lastKnownFileType = text.plist.strings; name = en; path = en.lproj/InfoPlist.strings; sourceTree = "<group>"; };
		C6A68B671840747C007A3B63 /* main.m */ = {isa = PBXFileReference; lastKnownFileType = sourcecode.c.objc; path = main.m; sourceTree = "<group>"; };
		C6A68B691840747C007A3B63 /* Topik-Prefix.pch */ = {isa = PBXFileReference; lastKnownFileType = sourcecode.c.h; path = "Topik-Prefix.pch"; sourceTree = "<group>"; };
		C6A68B6A1840747C007A3B63 /* AppDelegate.h */ = {isa = PBXFileReference; lastKnownFileType = sourcecode.c.h; path = AppDelegate.h; sourceTree = "<group>"; };
		C6A68B6B1840747C007A3B63 /* AppDelegate.m */ = {isa = PBXFileReference; lastKnownFileType = sourcecode.c.objc; path = AppDelegate.m; sourceTree = "<group>"; };
		C6A68B6E1840747C007A3B63 /* Base */ = {isa = PBXFileReference; lastKnownFileType = file.storyboard; name = Base; path = Base.lproj/Main.storyboard; sourceTree = "<group>"; };
		C6A68B701840747C007A3B63 /* ViewController.h */ = {isa = PBXFileReference; lastKnownFileType = sourcecode.c.h; path = ViewController.h; sourceTree = "<group>"; };
		C6A68B711840747C007A3B63 /* ViewController.m */ = {isa = PBXFileReference; lastKnownFileType = sourcecode.c.objc; path = ViewController.m; sourceTree = "<group>"; };
		C6A68B731840747C007A3B63 /* Images.xcassets */ = {isa = PBXFileReference; lastKnownFileType = folder.assetcatalog; path = Images.xcassets; sourceTree = "<group>"; };
		C6A68B791840747C007A3B63 /* TopikTests.xctest */ = {isa = PBXFileReference; explicitFileType = wrapper.cfbundle; includeInIndex = 0; path = TopikTests.xctest; sourceTree = BUILT_PRODUCTS_DIR; };
		C6A68B7A1840747C007A3B63 /* XCTest.framework */ = {isa = PBXFileReference; lastKnownFileType = wrapper.framework; name = XCTest.framework; path = Library/Frameworks/XCTest.framework; sourceTree = DEVELOPER_DIR; };
		C6A68B821840747C007A3B63 /* TopikTests-Info.plist */ = {isa = PBXFileReference; lastKnownFileType = text.plist.xml; path = "TopikTests-Info.plist"; sourceTree = "<group>"; };
		C6A68B841840747C007A3B63 /* en */ = {isa = PBXFileReference; lastKnownFileType = text.plist.strings; name = en; path = en.lproj/InfoPlist.strings; sourceTree = "<group>"; };
		C6A68B861840747C007A3B63 /* TopikTests.m */ = {isa = PBXFileReference; lastKnownFileType = sourcecode.c.objc; path = TopikTests.m; sourceTree = "<group>"; };
		C6A68B93184078D6007A3B63 /* all.png */ = {isa = PBXFileReference; lastKnownFileType = image.png; path = all.png; sourceTree = "<group>"; };
		C6A68B94184078D6007A3B63 /* all@2x.png */ = {isa = PBXFileReference; lastKnownFileType = image.png; path = "all@2x.png"; sourceTree = "<group>"; };
		C6A68B95184078D6007A3B63 /* feature.png */ = {isa = PBXFileReference; lastKnownFileType = image.png; path = feature.png; sourceTree = "<group>"; };
		C6A68B96184078D6007A3B63 /* feature@2x.png */ = {isa = PBXFileReference; lastKnownFileType = image.png; path = "feature@2x.png"; sourceTree = "<group>"; };
		C6A68B97184078D6007A3B63 /* free.png */ = {isa = PBXFileReference; lastKnownFileType = image.png; path = free.png; sourceTree = "<group>"; };
		C6A68B98184078D6007A3B63 /* free@2x.png */ = {isa = PBXFileReference; lastKnownFileType = image.png; path = "free@2x.png"; sourceTree = "<group>"; };
		C6A68B99184078D6007A3B63 /* setting.png */ = {isa = PBXFileReference; lastKnownFileType = image.png; path = setting.png; sourceTree = "<group>"; };
		C6A68B9A184078D6007A3B63 /* setting@2x.png */ = {isa = PBXFileReference; lastKnownFileType = image.png; path = "setting@2x.png"; sourceTree = "<group>"; };
		C6A68B9B184078D6007A3B63 /* star.png */ = {isa = PBXFileReference; lastKnownFileType = image.png; path = star.png; sourceTree = "<group>"; };
		C6A68B9C184078D6007A3B63 /* star@2x.png */ = {isa = PBXFileReference; lastKnownFileType = image.png; path = "star@2x.png"; sourceTree = "<group>"; };
		C6A68BA718407ABB007A3B63 /* MainTabBarController.h */ = {isa = PBXFileReference; fileEncoding = 4; lastKnownFileType = sourcecode.c.h; path = MainTabBarController.h; sourceTree = "<group>"; };
		C6A68BA818407ABB007A3B63 /* MainTabBarController.m */ = {isa = PBXFileReference; fileEncoding = 4; lastKnownFileType = sourcecode.c.objc; path = MainTabBarController.m; sourceTree = "<group>"; };
		C6A68BAA18407EEF007A3B63 /* config.plist */ = {isa = PBXFileReference; fileEncoding = 4; lastKnownFileType = text.plist.xml; path = config.plist; sourceTree = "<group>"; };
		C6A68BAC18407FA3007A3B63 /* AppConfig.h */ = {isa = PBXFileReference; fileEncoding = 4; lastKnownFileType = sourcecode.c.h; path = AppConfig.h; sourceTree = "<group>"; };
		C6A68BAD18407FA3007A3B63 /* AppConfig.m */ = {isa = PBXFileReference; fileEncoding = 4; lastKnownFileType = sourcecode.c.objc; path = AppConfig.m; sourceTree = "<group>"; };
		C6A68BAF1840890A007A3B63 /* FeatureTableViewController.h */ = {isa = PBXFileReference; fileEncoding = 4; lastKnownFileType = sourcecode.c.h; path = FeatureTableViewController.h; sourceTree = "<group>"; };
		C6A68BB01840890A007A3B63 /* FeatureTableViewController.m */ = {isa = PBXFileReference; fileEncoding = 4; lastKnownFileType = sourcecode.c.objc; path = FeatureTableViewController.m; sourceTree = "<group>"; };
		C6A68BB3184096B3007A3B63 /* ASIAuthenticationDialog.h */ = {isa = PBXFileReference; fileEncoding = 4; lastKnownFileType = sourcecode.c.h; path = ASIAuthenticationDialog.h; sourceTree = "<group>"; };
		C6A68BB4184096B3007A3B63 /* ASIAuthenticationDialog.m */ = {isa = PBXFileReference; fileEncoding = 4; lastKnownFileType = sourcecode.c.objc; path = ASIAuthenticationDialog.m; sourceTree = "<group>"; };
		C6A68BB5184096B3007A3B63 /* ASICacheDelegate.h */ = {isa = PBXFileReference; fileEncoding = 4; lastKnownFileType = sourcecode.c.h; path = ASICacheDelegate.h; sourceTree = "<group>"; };
		C6A68BB6184096B3007A3B63 /* ASIDataCompressor.h */ = {isa = PBXFileReference; fileEncoding = 4; lastKnownFileType = sourcecode.c.h; path = ASIDataCompressor.h; sourceTree = "<group>"; };
		C6A68BB7184096B3007A3B63 /* ASIDataCompressor.m */ = {isa = PBXFileReference; fileEncoding = 4; lastKnownFileType = sourcecode.c.objc; path = ASIDataCompressor.m; sourceTree = "<group>"; };
		C6A68BB8184096B3007A3B63 /* ASIDataDecompressor.h */ = {isa = PBXFileReference; fileEncoding = 4; lastKnownFileType = sourcecode.c.h; path = ASIDataDecompressor.h; sourceTree = "<group>"; };
		C6A68BB9184096B3007A3B63 /* ASIDataDecompressor.m */ = {isa = PBXFileReference; fileEncoding = 4; lastKnownFileType = sourcecode.c.objc; path = ASIDataDecompressor.m; sourceTree = "<group>"; };
		C6A68BBA184096B3007A3B63 /* ASIDownloadCache.h */ = {isa = PBXFileReference; fileEncoding = 4; lastKnownFileType = sourcecode.c.h; path = ASIDownloadCache.h; sourceTree = "<group>"; };
		C6A68BBB184096B3007A3B63 /* ASIDownloadCache.m */ = {isa = PBXFileReference; fileEncoding = 4; lastKnownFileType = sourcecode.c.objc; path = ASIDownloadCache.m; sourceTree = "<group>"; };
		C6A68BBC184096B3007A3B63 /* ASIFormDataRequest.h */ = {isa = PBXFileReference; fileEncoding = 4; lastKnownFileType = sourcecode.c.h; path = ASIFormDataRequest.h; sourceTree = "<group>"; };
		C6A68BBD184096B3007A3B63 /* ASIFormDataRequest.m */ = {isa = PBXFileReference; fileEncoding = 4; lastKnownFileType = sourcecode.c.objc; path = ASIFormDataRequest.m; sourceTree = "<group>"; };
		C6A68BBE184096B3007A3B63 /* ASIHTTPRequest.h */ = {isa = PBXFileReference; fileEncoding = 4; lastKnownFileType = sourcecode.c.h; path = ASIHTTPRequest.h; sourceTree = "<group>"; };
		C6A68BBF184096B3007A3B63 /* ASIHTTPRequest.m */ = {isa = PBXFileReference; fileEncoding = 4; lastKnownFileType = sourcecode.c.objc; path = ASIHTTPRequest.m; sourceTree = "<group>"; };
		C6A68BC0184096B3007A3B63 /* ASIHTTPRequestConfig.h */ = {isa = PBXFileReference; fileEncoding = 4; lastKnownFileType = sourcecode.c.h; path = ASIHTTPRequestConfig.h; sourceTree = "<group>"; };
		C6A68BC1184096B3007A3B63 /* ASIHTTPRequestDelegate.h */ = {isa = PBXFileReference; fileEncoding = 4; lastKnownFileType = sourcecode.c.h; path = ASIHTTPRequestDelegate.h; sourceTree = "<group>"; };
		C6A68BC2184096B3007A3B63 /* ASIInputStream.h */ = {isa = PBXFileReference; fileEncoding = 4; lastKnownFileType = sourcecode.c.h; path = ASIInputStream.h; sourceTree = "<group>"; };
		C6A68BC3184096B3007A3B63 /* ASIInputStream.m */ = {isa = PBXFileReference; fileEncoding = 4; lastKnownFileType = sourcecode.c.objc; path = ASIInputStream.m; sourceTree = "<group>"; };
		C6A68BC4184096B3007A3B63 /* ASINetworkQueue.h */ = {isa = PBXFileReference; fileEncoding = 4; lastKnownFileType = sourcecode.c.h; path = ASINetworkQueue.h; sourceTree = "<group>"; };
		C6A68BC5184096B3007A3B63 /* ASINetworkQueue.m */ = {isa = PBXFileReference; fileEncoding = 4; lastKnownFileType = sourcecode.c.objc; path = ASINetworkQueue.m; sourceTree = "<group>"; };
		C6A68BC6184096B3007A3B63 /* ASIProgressDelegate.h */ = {isa = PBXFileReference; fileEncoding = 4; lastKnownFileType = sourcecode.c.h; path = ASIProgressDelegate.h; sourceTree = "<group>"; };
		C6A68BC8184096B3007A3B63 /* ASIWebPageRequest.h */ = {isa = PBXFileReference; fileEncoding = 4; lastKnownFileType = sourcecode.c.h; path = ASIWebPageRequest.h; sourceTree = "<group>"; };
		C6A68BC9184096B3007A3B63 /* ASIWebPageRequest.m */ = {isa = PBXFileReference; fileEncoding = 4; lastKnownFileType = sourcecode.c.objc; path = ASIWebPageRequest.m; sourceTree = "<group>"; };
		C6A68BD318409786007A3B63 /* libxml2.2.dylib */ = {isa = PBXFileReference; lastKnownFileType = "compiled.mach-o.dylib"; name = libxml2.2.dylib; path = usr/lib/libxml2.2.dylib; sourceTree = SDKROOT; };
/* End PBXFileReference section */

/* Begin PBXFrameworksBuildPhase section */
		C6A68B551840747C007A3B63 /* Frameworks */ = {
			isa = PBXFrameworksBuildPhase;
			buildActionMask = 2147483647;
			files = (
				C66567E818422819003BF7AB /* libsqlite3.dylib in Frameworks */,
				C659661B18409B1A001F0B00 /* libz.dylib in Frameworks */,
				C6A68B5E1840747C007A3B63 /* CoreGraphics.framework in Frameworks */,
				C659661918409AEA001F0B00 /* MobileCoreServices.framework in Frameworks */,
				C659661718409ADC001F0B00 /* SystemConfiguration.framework in Frameworks */,
				C659661518409ACB001F0B00 /* CFNetwork.framework in Frameworks */,
				C6A68BD418409786007A3B63 /* libxml2.2.dylib in Frameworks */,
				C6A68B601840747C007A3B63 /* UIKit.framework in Frameworks */,
				C6A68B5C1840747C007A3B63 /* Foundation.framework in Frameworks */,
			);
			runOnlyForDeploymentPostprocessing = 0;
		};
		C6A68B761840747C007A3B63 /* Frameworks */ = {
			isa = PBXFrameworksBuildPhase;
			buildActionMask = 2147483647;
			files = (
				C6A68B7B1840747C007A3B63 /* XCTest.framework in Frameworks */,
				C6A68B7D1840747C007A3B63 /* UIKit.framework in Frameworks */,
				C6A68B7C1840747C007A3B63 /* Foundation.framework in Frameworks */,
			);
			runOnlyForDeploymentPostprocessing = 0;
		};
/* End PBXFrameworksBuildPhase section */

/* Begin PBXGroup section */
		C6596610184099A3001F0B00 /* Reachability */ = {
			isa = PBXGroup;
			children = (
				C6596611184099A3001F0B00 /* Reachability.h */,
				C6596612184099A4001F0B00 /* Reachability.m */,
			);
			path = Reachability;
			sourceTree = "<group>";
		};
		C66567D41841F35E003BF7AB /* Model */ = {
			isa = PBXGroup;
			children = (
				C66567D51841F37C003BF7AB /* LectureLanguage.h */,
				C66567D61841F37C003BF7AB /* LectureLanguage.m */,
				C66567D81841F6B6003BF7AB /* LectureCategory.h */,
				C66567D91841F6B6003BF7AB /* LectureCategory.m */,
				C66567DB1841F8CC003BF7AB /* LectureLevel.h */,
				C66567DC1841F8CC003BF7AB /* LectureLevel.m */,
				C66567DE1841FA56003BF7AB /* LectureSample.h */,
				C66567DF1841FA56003BF7AB /* LectureSample.m */,
				C66567E11841FF61003BF7AB /* LectureBasic.h */,
				C66567E21841FF61003BF7AB /* LectureBasic.m */,
				C66567E418420365003BF7AB /* LectureVideo.h */,
				C66567E518420365003BF7AB /* LectureVideo.m */,
				C66568051842EBAB003BF7AB /* RemoteData.h */,
				C66568061842EBAB003BF7AB /* RemoteData.m */,
			);
			name = Model;
			sourceTree = "<group>";
		};
		C66567F31842EA55003BF7AB /* FMDB */ = {
			isa = PBXGroup;
			children = (
				C66567F41842EA55003BF7AB /* FMDatabase.h */,
				C66567F51842EA55003BF7AB /* FMDatabase.m */,
				C66567F61842EA55003BF7AB /* FMDatabaseAdditions.h */,
				C66567F71842EA55003BF7AB /* FMDatabaseAdditions.m */,
				C66567F81842EA55003BF7AB /* FMDatabasePool.h */,
				C66567F91842EA55003BF7AB /* FMDatabasePool.m */,
				C66567FA1842EA55003BF7AB /* FMDatabaseQueue.h */,
				C66567FB1842EA55003BF7AB /* FMDatabaseQueue.m */,
				C66567FD1842EA55003BF7AB /* FMResultSet.h */,
				C66567FE1842EA55003BF7AB /* FMResultSet.m */,
			);
			path = FMDB;
			sourceTree = "<group>";
		};
		C6A68B4F1840747C007A3B63 = {
			isa = PBXGroup;
			children = (
				C6A68B611840747C007A3B63 /* Topik */,
				C6A68B801840747C007A3B63 /* TopikTests */,
				C6A68B5A1840747C007A3B63 /* Frameworks */,
				C6A68B591840747C007A3B63 /* Products */,
			);
			sourceTree = "<group>";
		};
		C6A68B591840747C007A3B63 /* Products */ = {
			isa = PBXGroup;
			children = (
				C6A68B581840747C007A3B63 /* Topik.app */,
				C6A68B791840747C007A3B63 /* TopikTests.xctest */,
			);
			name = Products;
			sourceTree = "<group>";
		};
		C6A68B5A1840747C007A3B63 /* Frameworks */ = {
			isa = PBXGroup;
			children = (
				C66567E718422819003BF7AB /* libsqlite3.dylib */,
				C659661A18409B1A001F0B00 /* libz.dylib */,
				C659661818409AEA001F0B00 /* MobileCoreServices.framework */,
				C659661618409ADC001F0B00 /* SystemConfiguration.framework */,
				C659661418409ACB001F0B00 /* CFNetwork.framework */,
				C6A68BD318409786007A3B63 /* libxml2.2.dylib */,
				C6A68B5B1840747C007A3B63 /* Foundation.framework */,
				C6A68B5D1840747C007A3B63 /* CoreGraphics.framework */,
				C6A68B5F1840747C007A3B63 /* UIKit.framework */,
				C6A68B7A1840747C007A3B63 /* XCTest.framework */,
			);
			name = Frameworks;
			sourceTree = "<group>";
		};
		C6A68B611840747C007A3B63 /* Topik */ = {
			isa = PBXGroup;
			children = (
				C66567F31842EA55003BF7AB /* FMDB */,
				C66567D41841F35E003BF7AB /* Model */,
				C6596610184099A3001F0B00 /* Reachability */,
				C6A68BB2184096B3007A3B63 /* ASIHTTPRequest */,
				C6A68B6A1840747C007A3B63 /* AppDelegate.h */,
				C6A68B6B1840747C007A3B63 /* AppDelegate.m */,
				C6A68BAC18407FA3007A3B63 /* AppConfig.h */,
				C6A68BAD18407FA3007A3B63 /* AppConfig.m */,
				C6A68B6D1840747C007A3B63 /* Main.storyboard */,
				C6A68B701840747C007A3B63 /* ViewController.h */,
				C6A68B711840747C007A3B63 /* ViewController.m */,
				C6A68BA718407ABB007A3B63 /* MainTabBarController.h */,
				C6A68BA818407ABB007A3B63 /* MainTabBarController.m */,
				C6A68BAF1840890A007A3B63 /* FeatureTableViewController.h */,
				C6A68BB01840890A007A3B63 /* FeatureTableViewController.m */,
				C6A68B731840747C007A3B63 /* Images.xcassets */,
				C6A68B621840747C007A3B63 /* Supporting Files */,
				C6A68BAA18407EEF007A3B63 /* config.plist */,
			);
			path = Topik;
			sourceTree = "<group>";
		};
		C6A68B621840747C007A3B63 /* Supporting Files */ = {
			isa = PBXGroup;
			children = (
				C66567E91842B5F5003BF7AB /* LectureDB.sqlite */,
				C6A68B92184078D6007A3B63 /* image */,
				C6A68B631840747C007A3B63 /* Topik-Info.plist */,
				C6A68B641840747C007A3B63 /* InfoPlist.strings */,
				C6A68B671840747C007A3B63 /* main.m */,
				C6A68B691840747C007A3B63 /* Topik-Prefix.pch */,
			);
			name = "Supporting Files";
			sourceTree = "<group>";
		};
		C6A68B801840747C007A3B63 /* TopikTests */ = {
			isa = PBXGroup;
			children = (
				C6A68B861840747C007A3B63 /* TopikTests.m */,
				C6A68B811840747C007A3B63 /* Supporting Files */,
			);
			path = TopikTests;
			sourceTree = "<group>";
		};
		C6A68B811840747C007A3B63 /* Supporting Files */ = {
			isa = PBXGroup;
			children = (
				C6A68B821840747C007A3B63 /* TopikTests-Info.plist */,
				C6A68B831840747C007A3B63 /* InfoPlist.strings */,
			);
			name = "Supporting Files";
			sourceTree = "<group>";
		};
		C6A68B92184078D6007A3B63 /* image */ = {
			isa = PBXGroup;
			children = (
				C66567D21840DDBC003BF7AB /* Default-568@2x.png */,
				C66567C31840D86B003BF7AB /* App_ICON58.png */,
				C66567C41840D86B003BF7AB /* App_ICON80.png */,
				C66567C51840D86B003BF7AB /* App_ICON120.png */,
				C66567CE1840DD53003BF7AB /* Default@2x.png */,
				C66567B71840D254003BF7AB /* splesh_568h.png */,
				C66567B81840D254003BF7AB /* splesh_480h.png */,
				C6A68B93184078D6007A3B63 /* all.png */,
				C6A68B94184078D6007A3B63 /* all@2x.png */,
				C6A68B95184078D6007A3B63 /* feature.png */,
				C6A68B96184078D6007A3B63 /* feature@2x.png */,
				C6A68B97184078D6007A3B63 /* free.png */,
				C6A68B98184078D6007A3B63 /* free@2x.png */,
				C6A68B99184078D6007A3B63 /* setting.png */,
				C6A68B9A184078D6007A3B63 /* setting@2x.png */,
				C6A68B9B184078D6007A3B63 /* star.png */,
				C6A68B9C184078D6007A3B63 /* star@2x.png */,
			);
			path = image;
			sourceTree = "<group>";
		};
		C6A68BB2184096B3007A3B63 /* ASIHTTPRequest */ = {
			isa = PBXGroup;
			children = (
				C6A68BB3184096B3007A3B63 /* ASIAuthenticationDialog.h */,
				C6A68BB4184096B3007A3B63 /* ASIAuthenticationDialog.m */,
				C6A68BB5184096B3007A3B63 /* ASICacheDelegate.h */,
				C6A68BB6184096B3007A3B63 /* ASIDataCompressor.h */,
				C6A68BB7184096B3007A3B63 /* ASIDataCompressor.m */,
				C6A68BB8184096B3007A3B63 /* ASIDataDecompressor.h */,
				C6A68BB9184096B3007A3B63 /* ASIDataDecompressor.m */,
				C6A68BBA184096B3007A3B63 /* ASIDownloadCache.h */,
				C6A68BBB184096B3007A3B63 /* ASIDownloadCache.m */,
				C6A68BBC184096B3007A3B63 /* ASIFormDataRequest.h */,
				C6A68BBD184096B3007A3B63 /* ASIFormDataRequest.m */,
				C6A68BBE184096B3007A3B63 /* ASIHTTPRequest.h */,
				C6A68BBF184096B3007A3B63 /* ASIHTTPRequest.m */,
				C6A68BC0184096B3007A3B63 /* ASIHTTPRequestConfig.h */,
				C6A68BC1184096B3007A3B63 /* ASIHTTPRequestDelegate.h */,
				C6A68BC2184096B3007A3B63 /* ASIInputStream.h */,
				C6A68BC3184096B3007A3B63 /* ASIInputStream.m */,
				C6A68BC4184096B3007A3B63 /* ASINetworkQueue.h */,
				C6A68BC5184096B3007A3B63 /* ASINetworkQueue.m */,
				C6A68BC6184096B3007A3B63 /* ASIProgressDelegate.h */,
				C6A68BC7184096B3007A3B63 /* ASIWebPageRequest */,
			);
			path = ASIHTTPRequest;
			sourceTree = "<group>";
		};
		C6A68BC7184096B3007A3B63 /* ASIWebPageRequest */ = {
			isa = PBXGroup;
			children = (
				C6A68BC8184096B3007A3B63 /* ASIWebPageRequest.h */,
				C6A68BC9184096B3007A3B63 /* ASIWebPageRequest.m */,
			);
			path = ASIWebPageRequest;
			sourceTree = "<group>";
		};
/* End PBXGroup section */

/* Begin PBXNativeTarget section */
		C6A68B571840747C007A3B63 /* Topik */ = {
			isa = PBXNativeTarget;
			buildConfigurationList = C6A68B8A1840747C007A3B63 /* Build configuration list for PBXNativeTarget "Topik" */;
			buildPhases = (
				C6A68B541840747C007A3B63 /* Sources */,
				C6A68B551840747C007A3B63 /* Frameworks */,
				C6A68B561840747C007A3B63 /* Resources */,
			);
			buildRules = (
			);
			dependencies = (
			);
			name = Topik;
			productName = Topik;
			productReference = C6A68B581840747C007A3B63 /* Topik.app */;
			productType = "com.apple.product-type.application";
		};
		C6A68B781840747C007A3B63 /* TopikTests */ = {
			isa = PBXNativeTarget;
			buildConfigurationList = C6A68B8D1840747C007A3B63 /* Build configuration list for PBXNativeTarget "TopikTests" */;
			buildPhases = (
				C6A68B751840747C007A3B63 /* Sources */,
				C6A68B761840747C007A3B63 /* Frameworks */,
				C6A68B771840747C007A3B63 /* Resources */,
			);
			buildRules = (
			);
			dependencies = (
				C6A68B7F1840747C007A3B63 /* PBXTargetDependency */,
			);
			name = TopikTests;
			productName = TopikTests;
			productReference = C6A68B791840747C007A3B63 /* TopikTests.xctest */;
			productType = "com.apple.product-type.bundle.unit-test";
		};
/* End PBXNativeTarget section */

/* Begin PBXProject section */
		C6A68B501840747C007A3B63 /* Project object */ = {
			isa = PBXProject;
			attributes = {
				LastUpgradeCheck = 0500;
				ORGANIZATIONNAME = RotateMediaLabs;
				TargetAttributes = {
					C6A68B781840747C007A3B63 = {
						TestTargetID = C6A68B571840747C007A3B63;
					};
				};
			};
			buildConfigurationList = C6A68B531840747C007A3B63 /* Build configuration list for PBXProject "Topik" */;
			compatibilityVersion = "Xcode 3.2";
			developmentRegion = English;
			hasScannedForEncodings = 0;
			knownRegions = (
				en,
				Base,
				"zh-Hans",
			);
			mainGroup = C6A68B4F1840747C007A3B63;
			productRefGroup = C6A68B591840747C007A3B63 /* Products */;
			projectDirPath = "";
			projectRoot = "";
			targets = (
				C6A68B571840747C007A3B63 /* Topik */,
				C6A68B781840747C007A3B63 /* TopikTests */,
			);
		};
/* End PBXProject section */

/* Begin PBXResourcesBuildPhase section */
		C6A68B561840747C007A3B63 /* Resources */ = {
			isa = PBXResourcesBuildPhase;
			buildActionMask = 2147483647;
			files = (
				C665680918431132003BF7AB /* Default-568@2x.png in Resources */,
				C665680A18431132003BF7AB /* Default@2x.png in Resources */,
				C66568081842F795003BF7AB /* LectureDB.sqlite in Resources */,
				C6A68BAB18407EEF007A3B63 /* config.plist in Resources */,
				C6A68BA0184078D6007A3B63 /* feature@2x.png in Resources */,
				C6A68B741840747C007A3B63 /* Images.xcassets in Resources */,
				C6A68B661840747C007A3B63 /* InfoPlist.strings in Resources */,
				C66567BA1840D254003BF7AB /* splesh_480h.png in Resources */,
				C6A68B9F184078D6007A3B63 /* feature.png in Resources */,
				C66567C81840D86B003BF7AB /* App_ICON120.png in Resources */,
				C66567B91840D254003BF7AB /* splesh_568h.png in Resources */,
				C6A68B6F1840747C007A3B63 /* Main.storyboard in Resources */,
				C66567C61840D86B003BF7AB /* App_ICON58.png in Resources */,
				C6A68BA5184078D6007A3B63 /* star.png in Resources */,
				C6A68BA1184078D6007A3B63 /* free.png in Resources */,
				C6A68BA4184078D6007A3B63 /* setting@2x.png in Resources */,
				C66567C71840D86B003BF7AB /* App_ICON80.png in Resources */,
				C6A68BA6184078D6007A3B63 /* star@2x.png in Resources */,
				C6A68B9D184078D6007A3B63 /* all.png in Resources */,
				C6A68BA2184078D6007A3B63 /* free@2x.png in Resources */,
				C6A68BA3184078D6007A3B63 /* setting.png in Resources */,
				C6A68B9E184078D6007A3B63 /* all@2x.png in Resources */,
			);
			runOnlyForDeploymentPostprocessing = 0;
		};
		C6A68B771840747C007A3B63 /* Resources */ = {
			isa = PBXResourcesBuildPhase;
			buildActionMask = 2147483647;
			files = (
				C6A68B851840747C007A3B63 /* InfoPlist.strings in Resources */,
			);
			runOnlyForDeploymentPostprocessing = 0;
		};
/* End PBXResourcesBuildPhase section */

/* Begin PBXSourcesBuildPhase section */
		C6A68B541840747C007A3B63 /* Sources */ = {
			isa = PBXSourcesBuildPhase;
			buildActionMask = 2147483647;
			files = (
				C6A68B721840747C007A3B63 /* ViewController.m in Sources */,
				C66567DD1841F8CC003BF7AB /* LectureLevel.m in Sources */,
				C66568041842EA55003BF7AB /* FMResultSet.m in Sources */,
				C6A68BD2184096B3007A3B63 /* ASIWebPageRequest.m in Sources */,
				C6A68BD0184096B3007A3B63 /* ASIInputStream.m in Sources */,
				C6A68B6C1840747C007A3B63 /* AppDelegate.m in Sources */,
				C66567DA1841F6B6003BF7AB /* LectureCategory.m in Sources */,
				C6A68BCD184096B3007A3B63 /* ASIDownloadCache.m in Sources */,
				C6A68BCB184096B3007A3B63 /* ASIDataCompressor.m in Sources */,
				C66567FF1842EA55003BF7AB /* FMDatabase.m in Sources */,
				C6A68BB11840890A007A3B63 /* FeatureTableViewController.m in Sources */,
				C6A68BCF184096B3007A3B63 /* ASIHTTPRequest.m in Sources */,
				C6A68BA918407ABB007A3B63 /* MainTabBarController.m in Sources */,
				C66568011842EA55003BF7AB /* FMDatabasePool.m in Sources */,
				C66567E31841FF61003BF7AB /* LectureBasic.m in Sources */,
				C6A68BCC184096B3007A3B63 /* ASIDataDecompressor.m in Sources */,
				C66567E01841FA56003BF7AB /* LectureSample.m in Sources */,
				C6596613184099A4001F0B00 /* Reachability.m in Sources */,
				C66568021842EA55003BF7AB /* FMDatabaseQueue.m in Sources */,
				C6A68BAE18407FA3007A3B63 /* AppConfig.m in Sources */,
				C66567D71841F37C003BF7AB /* LectureLanguage.m in Sources */,
				C6A68BD1184096B3007A3B63 /* ASINetworkQueue.m in Sources */,
				C66567E618420365003BF7AB /* LectureVideo.m in Sources */,
				C6A68BCA184096B3007A3B63 /* ASIAuthenticationDialog.m in Sources */,
				C6A68BCE184096B3007A3B63 /* ASIFormDataRequest.m in Sources */,
				C66568071842EBAB003BF7AB /* RemoteData.m in Sources */,
				C6A68B681840747C007A3B63 /* main.m in Sources */,
				C66568001842EA55003BF7AB /* FMDatabaseAdditions.m in Sources */,
			);
			runOnlyForDeploymentPostprocessing = 0;
		};
		C6A68B751840747C007A3B63 /* Sources */ = {
			isa = PBXSourcesBuildPhase;
			buildActionMask = 2147483647;
			files = (
				C6A68B871840747C007A3B63 /* TopikTests.m in Sources */,
			);
			runOnlyForDeploymentPostprocessing = 0;
		};
/* End PBXSourcesBuildPhase section */

/* Begin PBXTargetDependency section */
		C6A68B7F1840747C007A3B63 /* PBXTargetDependency */ = {
			isa = PBXTargetDependency;
			target = C6A68B571840747C007A3B63 /* Topik */;
			targetProxy = C6A68B7E1840747C007A3B63 /* PBXContainerItemProxy */;
		};
/* End PBXTargetDependency section */

/* Begin PBXVariantGroup section */
		C66567CE1840DD53003BF7AB /* Default@2x.png */ = {
			isa = PBXVariantGroup;
			children = (
				C66567CD1840DD53003BF7AB /* Base */,
				C665680C18431177003BF7AB /* zh-Hans */,
			);
			name = "Default@2x.png";
			sourceTree = "<group>";
		};
		C66567D21840DDBC003BF7AB /* Default-568@2x.png */ = {
			isa = PBXVariantGroup;
			children = (
				C66567D11840DDBC003BF7AB /* Base */,
				C665680B1843116F003BF7AB /* zh-Hans */,
			);
			name = "Default-568@2x.png";
			sourceTree = "<group>";
		};
		C6A68B641840747C007A3B63 /* InfoPlist.strings */ = {
			isa = PBXVariantGroup;
			children = (
				C6A68B651840747C007A3B63 /* en */,
				C65966221840A24F001F0B00 /* zh-Hans */,
			);
			name = InfoPlist.strings;
			sourceTree = "<group>";
		};
		C6A68B6D1840747C007A3B63 /* Main.storyboard */ = {
			isa = PBXVariantGroup;
			children = (
				C6A68B6E1840747C007A3B63 /* Base */,
				C65966211840A24E001F0B00 /* zh-Hans */,
				C65966241840A282001F0B00 /* en */,
			);
			name = Main.storyboard;
			sourceTree = "<group>";
		};
		C6A68B831840747C007A3B63 /* InfoPlist.strings */ = {
			isa = PBXVariantGroup;
			children = (
				C6A68B841840747C007A3B63 /* en */,
				C65966231840A24F001F0B00 /* zh-Hans */,
			);
			name = InfoPlist.strings;
			sourceTree = "<group>";
		};
/* End PBXVariantGroup section */

/* Begin XCBuildConfiguration section */
		C6A68B881840747C007A3B63 /* Debug */ = {
			isa = XCBuildConfiguration;
			buildSettings = {
				ALWAYS_SEARCH_USER_PATHS = NO;
				ARCHS = "$(ARCHS_STANDARD_INCLUDING_64_BIT)";
				CLANG_CXX_LANGUAGE_STANDARD = "gnu++0x";
				CLANG_CXX_LIBRARY = "libc++";
				CLANG_ENABLE_MODULES = YES;
				CLANG_ENABLE_OBJC_ARC = YES;
				CLANG_WARN_BOOL_CONVERSION = YES;
				CLANG_WARN_CONSTANT_CONVERSION = YES;
				CLANG_WARN_DIRECT_OBJC_ISA_USAGE = YES_ERROR;
				CLANG_WARN_EMPTY_BODY = YES;
				CLANG_WARN_ENUM_CONVERSION = YES;
				CLANG_WARN_INT_CONVERSION = YES;
				CLANG_WARN_OBJC_ROOT_CLASS = YES_ERROR;
				CLANG_WARN__DUPLICATE_METHOD_MATCH = YES;
				"CODE_SIGN_IDENTITY[sdk=iphoneos*]" = "iPhone Developer";
				COPY_PHASE_STRIP = NO;
				GCC_C_LANGUAGE_STANDARD = gnu99;
				GCC_DYNAMIC_NO_PIC = NO;
				GCC_OPTIMIZATION_LEVEL = 0;
				GCC_PREPROCESSOR_DEFINITIONS = (
					"DEBUG=1",
					"$(inherited)",
				);
				GCC_SYMBOLS_PRIVATE_EXTERN = NO;
				GCC_WARN_64_TO_32_BIT_CONVERSION = YES;
				GCC_WARN_ABOUT_RETURN_TYPE = YES_ERROR;
				GCC_WARN_UNDECLARED_SELECTOR = YES;
				GCC_WARN_UNINITIALIZED_AUTOS = YES;
				GCC_WARN_UNUSED_FUNCTION = YES;
				GCC_WARN_UNUSED_VARIABLE = YES;
				HEADER_SEARCH_PATHS = (
					"$(inherited)",
					/Applications/Xcode.app/Contents/Developer/Toolchains/XcodeDefault.xctoolchain/usr/include,
					"${SDK_DIR}/usr/include/libxml2",
				);
				IPHONEOS_DEPLOYMENT_TARGET = 7.0;
				ONLY_ACTIVE_ARCH = YES;
				SDKROOT = iphoneos;
			};
			name = Debug;
		};
		C6A68B891840747C007A3B63 /* Release */ = {
			isa = XCBuildConfiguration;
			buildSettings = {
				ALWAYS_SEARCH_USER_PATHS = NO;
				ARCHS = "$(ARCHS_STANDARD_INCLUDING_64_BIT)";
				CLANG_CXX_LANGUAGE_STANDARD = "gnu++0x";
				CLANG_CXX_LIBRARY = "libc++";
				CLANG_ENABLE_MODULES = YES;
				CLANG_ENABLE_OBJC_ARC = YES;
				CLANG_WARN_BOOL_CONVERSION = YES;
				CLANG_WARN_CONSTANT_CONVERSION = YES;
				CLANG_WARN_DIRECT_OBJC_ISA_USAGE = YES_ERROR;
				CLANG_WARN_EMPTY_BODY = YES;
				CLANG_WARN_ENUM_CONVERSION = YES;
				CLANG_WARN_INT_CONVERSION = YES;
				CLANG_WARN_OBJC_ROOT_CLASS = YES_ERROR;
				CLANG_WARN__DUPLICATE_METHOD_MATCH = YES;
				"CODE_SIGN_IDENTITY[sdk=iphoneos*]" = "iPhone Developer";
				COPY_PHASE_STRIP = YES;
				ENABLE_NS_ASSERTIONS = NO;
				GCC_C_LANGUAGE_STANDARD = gnu99;
				GCC_WARN_64_TO_32_BIT_CONVERSION = YES;
				GCC_WARN_ABOUT_RETURN_TYPE = YES_ERROR;
				GCC_WARN_UNDECLARED_SELECTOR = YES;
				GCC_WARN_UNINITIALIZED_AUTOS = YES;
				GCC_WARN_UNUSED_FUNCTION = YES;
				GCC_WARN_UNUSED_VARIABLE = YES;
				HEADER_SEARCH_PATHS = (
					"$(inherited)",
					/Applications/Xcode.app/Contents/Developer/Toolchains/XcodeDefault.xctoolchain/usr/include,
					"${SDK_DIR}/usr/include/libxml2",
				);
				IPHONEOS_DEPLOYMENT_TARGET = 7.0;
				SDKROOT = iphoneos;
				VALIDATE_PRODUCT = YES;
			};
			name = Release;
		};
		C6A68B8B1840747C007A3B63 /* Debug */ = {
			isa = XCBuildConfiguration;
			buildSettings = {
				GCC_PRECOMPILE_PREFIX_HEADER = YES;
				GCC_PREFIX_HEADER = "Topik/Topik-Prefix.pch";
				INFOPLIST_FILE = "Topik/Topik-Info.plist";
				PRODUCT_NAME = "$(TARGET_NAME)";
				WRAPPER_EXTENSION = app;
			};
			name = Debug;
		};
		C6A68B8C1840747C007A3B63 /* Release */ = {
			isa = XCBuildConfiguration;
			buildSettings = {
				GCC_PRECOMPILE_PREFIX_HEADER = YES;
				GCC_PREFIX_HEADER = "Topik/Topik-Prefix.pch";
				INFOPLIST_FILE = "Topik/Topik-Info.plist";
				PRODUCT_NAME = "$(TARGET_NAME)";
				WRAPPER_EXTENSION = app;
			};
			name = Release;
		};
		C6A68B8E1840747C007A3B63 /* Debug */ = {
			isa = XCBuildConfiguration;
			buildSettings = {
				ARCHS = "$(ARCHS_STANDARD_INCLUDING_64_BIT)";
				BUNDLE_LOADER = "$(BUILT_PRODUCTS_DIR)/Topik.app/Topik";
				FRAMEWORK_SEARCH_PATHS = (
					"$(SDKROOT)/Developer/Library/Frameworks",
					"$(inherited)",
					"$(DEVELOPER_FRAMEWORKS_DIR)",
				);
				GCC_PRECOMPILE_PREFIX_HEADER = YES;
				GCC_PREFIX_HEADER = "Topik/Topik-Prefix.pch";
				GCC_PREPROCESSOR_DEFINITIONS = (
					"DEBUG=1",
					"$(inherited)",
				);
				INFOPLIST_FILE = "TopikTests/TopikTests-Info.plist";
				PRODUCT_NAME = "$(TARGET_NAME)";
				TEST_HOST = "$(BUNDLE_LOADER)";
				WRAPPER_EXTENSION = xctest;
			};
			name = Debug;
		};
		C6A68B8F1840747C007A3B63 /* Release */ = {
			isa = XCBuildConfiguration;
			buildSettings = {
				ARCHS = "$(ARCHS_STANDARD_INCLUDING_64_BIT)";
				BUNDLE_LOADER = "$(BUILT_PRODUCTS_DIR)/Topik.app/Topik";
				FRAMEWORK_SEARCH_PATHS = (
					"$(SDKROOT)/Developer/Library/Frameworks",
					"$(inherited)",
					"$(DEVELOPER_FRAMEWORKS_DIR)",
				);
				GCC_PRECOMPILE_PREFIX_HEADER = YES;
				GCC_PREFIX_HEADER = "Topik/Topik-Prefix.pch";
				INFOPLIST_FILE = "TopikTests/TopikTests-Info.plist";
				PRODUCT_NAME = "$(TARGET_NAME)";
				TEST_HOST = "$(BUNDLE_LOADER)";
				WRAPPER_EXTENSION = xctest;
			};
			name = Release;
		};
/* End XCBuildConfiguration section */

/* Begin XCConfigurationList section */
		C6A68B531840747C007A3B63 /* Build configuration list for PBXProject "Topik" */ = {
			isa = XCConfigurationList;
			buildConfigurations = (
				C6A68B881840747C007A3B63 /* Debug */,
				C6A68B891840747C007A3B63 /* Release */,
			);
			defaultConfigurationIsVisible = 0;
			defaultConfigurationName = Release;
		};
		C6A68B8A1840747C007A3B63 /* Build configuration list for PBXNativeTarget "Topik" */ = {
			isa = XCConfigurationList;
			buildConfigurations = (
				C6A68B8B1840747C007A3B63 /* Debug */,
				C6A68B8C1840747C007A3B63 /* Release */,
			);
			defaultConfigurationIsVisible = 0;
			defaultConfigurationName = Release;
		};
		C6A68B8D1840747C007A3B63 /* Build configuration list for PBXNativeTarget "TopikTests" */ = {
			isa = XCConfigurationList;
			buildConfigurations = (
				C6A68B8E1840747C007A3B63 /* Debug */,
				C6A68B8F1840747C007A3B63 /* Release */,
			);
			defaultConfigurationIsVisible = 0;
			defaultConfigurationName = Release;
		};
/* End XCConfigurationList section */
	};
	rootObject = C6A68B501840747C007A3B63 /* Project object */;
}
